{
  "name": "ckpdaccel",
  "version": "1.0.0",
  "lockfileVersion": 1,
  "requires": true,
  "dependencies": {
    "pebble-clay": {
      "version": "1.0.4",
      "resolved": "https://registry.npmjs.org/pebble-clay/-/pebble-clay-1.0.4.tgz",
      "integrity": "sha1-/fkvD9x3CpecBodOqiRXzC52I0Q="
    },
    "pebblejs": {
      "version": "github:davidstosik/pebblejs#effbb4ac7ccf4f9b76230c2e649ef250103448c8",
      "from": "github:davidstosik/pebblejs#devel-fix-accel-data-time"
    }
  }
}
